
Microsoft Visual Studio Solution File, Format Version 12.00
# Visual Studio 15
Project("{FAE04EC0-301F-11D3-BF4B-00C04F79EFBC}") = "HoloNav", "HoloNav.csproj", "{473E68C6-7E00-04EE-0184-6422BD137A8A}"
EndProject
Project("{FAE04EC0-301F-11D3-BF4B-00C04F79EFBC}") = "HoloNav.Editor", "HoloNav.Editor.csproj", "{F7F92FA7-9F68-15D1-87BF-89A103015E32}"
EndProject
Global
	GlobalSection(SolutionConfigurationPlatforms) = preSolution
		Debug|Any CPU = Debug|Any CPU
		Release|Any CPU = Release|Any CPU
	EndGlobalSection
	GlobalSection(ProjectConfigurationPlatforms) = postSolution
		{473E68C6-7E00-04EE-0184-6422BD137A8A}.Debug|Any CPU.ActiveCfg = Debug|Any CPU
		{473E68C6-7E00-04EE-0184-6422BD137A8A}.Debug|Any CPU.Build.0 = Debug|Any CPU
		{473E68C6-7E00-04EE-0184-6422BD137A8A}.Release|Any CPU.ActiveCfg = Release|Any CPU
		{473E68C6-7E00-04EE-0184-6422BD137A8A}.Release|Any CPU.Build.0 = Release|Any CPU
		{F7F92FA7-9F68-15D1-87BF-89A103015E32}.Debug|Any CPU.ActiveCfg = Debug|Any CPU
		{F7F92FA7-9F68-15D1-87BF-89A103015E32}.Debug|Any CPU.Build.0 = Debug|Any CPU
		{F7F92FA7-9F68-15D1-87BF-89A103015E32}.Release|Any CPU.ActiveCfg = Release|Any CPU
		{F7F92FA7-9F68-15D1-87BF-89A103015E32}.Release|Any CPU.Build.0 = Release|Any CPU
	EndGlobalSection
	GlobalSection(SolutionProperties) = preSolution
		HideSolutionNode = FALSE
	EndGlobalSection
EndGlobal
